// !$*UTF8*$!
{
	archiveVersion = 1;
	classes = {
	};
	objectVersion = 46;
	objects = {

/* Begin PBXBuildFile section */
		AC11737C1A8D9C5700946C4C /* main.m in Sources */ = {isa = PBXBuildFile; fileRef = AC11737B1A8D9C5700946C4C /* main.m */; };
		AC11737F1A8D9C5700946C4C /* AppDelegate.m in Sources */ = {isa = PBXBuildFile; fileRef = AC11737E1A8D9C5700946C4C /* AppDelegate.m */; };
		AC1173821A8D9C5700946C4C /* SDMineSweeper.xcdatamodeld in Sources */ = {isa = PBXBuildFile; fileRef = AC1173801A8D9C5700946C4C /* SDMineSweeper.xcdatamodeld */; };
		AC1173851A8D9C5700946C4C /* ViewController.m in Sources */ = {isa = PBXBuildFile; fileRef = AC1173841A8D9C5700946C4C /* ViewController.m */; };
		AC11738A1A8D9C5700946C4C /* Images.xcassets in Resources */ = {isa = PBXBuildFile; fileRef = AC1173891A8D9C5700946C4C /* Images.xcassets */; };
		AC1173991A8D9C5700946C4C /* SDMineSweeperTests.m in Sources */ = {isa = PBXBuildFile; fileRef = AC1173981A8D9C5700946C4C /* SDMineSweeperTests.m */; };
		AC1173D51A8DE45500946C4C /* UIButton+Property.m in Sources */ = {isa = PBXBuildFile; fileRef = AC1173D41A8DE45500946C4C /* UIButton+Property.m */; };
		B59869751A8ED0BC002EA2F8 /* 0.png in Resources */ = {isa = PBXBuildFile; fileRef = B59869621A8ED0BC002EA2F8 /* 0.png */; };
		B59869761A8ED0BC002EA2F8 /* 1.png in Resources */ = {isa = PBXBuildFile; fileRef = B59869631A8ED0BC002EA2F8 /* 1.png */; };
		B59869771A8ED0BC002EA2F8 /* 2.png in Resources */ = {isa = PBXBuildFile; fileRef = B59869641A8ED0BC002EA2F8 /* 2.png */; };
		B59869781A8ED0BC002EA2F8 /* 3.png in Resources */ = {isa = PBXBuildFile; fileRef = B59869651A8ED0BC002EA2F8 /* 3.png */; };
		B59869791A8ED0BC002EA2F8 /* 4.png in Resources */ = {isa = PBXBuildFile; fileRef = B59869661A8ED0BC002EA2F8 /* 4.png */; };
		B598697A1A8ED0BC002EA2F8 /* 5.png in Resources */ = {isa = PBXBuildFile; fileRef = B59869671A8ED0BC002EA2F8 /* 5.png */; };
		B598697B1A8ED0BC002EA2F8 /* 6.png in Resources */ = {isa = PBXBuildFile; fileRef = B59869681A8ED0BC002EA2F8 /* 6.png */; };
		B598697C1A8ED0BC002EA2F8 /* 7.png in Resources */ = {isa = PBXBuildFile; fileRef = B59869691A8ED0BC002EA2F8 /* 7.png */; };
		B598697D1A8ED0BC002EA2F8 /* 8.png in Resources */ = {isa = PBXBuildFile; fileRef = B598696A1A8ED0BC002EA2F8 /* 8.png */; };
		B598697E1A8ED0BC002EA2F8 /* bomb.png in Resources */ = {isa = PBXBuildFile; fileRef = B598696B1A8ED0BC002EA2F8 /* bomb.png */; };
		B598697F1A8ED0BC002EA2F8 /* cry.png in Resources */ = {isa = PBXBuildFile; fileRef = B598696C1A8ED0BC002EA2F8 /* cry.png */; };
		B59869801A8ED0BC002EA2F8 /* explode.png in Resources */ = {isa = PBXBuildFile; fileRef = B598696D1A8ED0BC002EA2F8 /* explode.png */; };
		B59869811A8ED0BC002EA2F8 /* failed_flag.png in Resources */ = {isa = PBXBuildFile; fileRef = B598696E1A8ED0BC002EA2F8 /* failed_flag.png */; };
		B59869821A8ED0BC002EA2F8 /* flag.png in Resources */ = {isa = PBXBuildFile; fileRef = B598696F1A8ED0BC002EA2F8 /* flag.png */; };
		B59869831A8ED0BC002EA2F8 /* question.png in Resources */ = {isa = PBXBuildFile; fileRef = B59869701A8ED0BC002EA2F8 /* question.png */; };
		B59869841A8ED0BC002EA2F8 /* smile.png in Resources */ = {isa = PBXBuildFile; fileRef = B59869711A8ED0BC002EA2F8 /* smile.png */; };
		B59869851A8ED0BC002EA2F8 /* suprise.png in Resources */ = {isa = PBXBuildFile; fileRef = B59869721A8ED0BC002EA2F8 /* suprise.png */; };
		B59869861A8ED0BC002EA2F8 /* unopen.png in Resources */ = {isa = PBXBuildFile; fileRef = B59869731A8ED0BC002EA2F8 /* unopen.png */; };
		B59869871A8ED0BC002EA2F8 /* win.png in Resources */ = {isa = PBXBuildFile; fileRef = B59869741A8ED0BC002EA2F8 /* win.png */; };
/* End PBXBuildFile section */

/* Begin PBXContainerItemProxy section */
		AC1173931A8D9C5700946C4C /* PBXContainerItemProxy */ = {
			isa = PBXContainerItemProxy;
			containerPortal = AC11736E1A8D9C5700946C4C /* Project object */;
			proxyType = 1;
			remoteGlobalIDString = AC1173751A8D9C5700946C4C;
			remoteInfo = SDMineSweeper;
		};
/* End PBXContainerItemProxy section */

/* Begin PBXFileReference section */
		AC1173761A8D9C5700946C4C /* SDMineSweeper.app */ = {isa = PBXFileReference; explicitFileType = wrapper.application; includeInIndex = 0; path = SDMineSweeper.app; sourceTree = BUILT_PRODUCTS_DIR; };
		AC11737A1A8D9C5700946C4C /* Info.plist */ = {isa = PBXFileReference; lastKnownFileType = text.plist.xml; path = Info.plist; sourceTree = "<group>"; };
		AC11737B1A8D9C5700946C4C /* main.m */ = {isa = PBXFileReference; lastKnownFileType = sourcecode.c.objc; path = main.m; sourceTree = "<group>"; };
		AC11737D1A8D9C5700946C4C /* AppDelegate.h */ = {isa = PBXFileReference; lastKnownFileType = sourcecode.c.h; path = AppDelegate.h; sourceTree = "<group>"; };
		AC11737E1A8D9C5700946C4C /* AppDelegate.m */ = {isa = PBXFileReference; lastKnownFileType = sourcecode.c.objc; path = AppDelegate.m; sourceTree = "<group>"; };
		AC1173811A8D9C5700946C4C /* SDMineSweeper.xcdatamodel */ = {isa = PBXFileReference; lastKnownFileType = wrapper.xcdatamodel; path = SDMineSweeper.xcdatamodel; sourceTree = "<group>"; };
		AC1173831A8D9C5700946C4C /* ViewController.h */ = {isa = PBXFileReference; lastKnownFileType = sourcecode.c.h; path = ViewController.h; sourceTree = "<group>"; };
		AC1173841A8D9C5700946C4C /* ViewController.m */ = {isa = PBXFileReference; lastKnownFileType = sourcecode.c.objc; path = ViewController.m; sourceTree = "<group>"; };
		AC1173891A8D9C5700946C4C /* Images.xcassets */ = {isa = PBXFileReference; lastKnownFileType = folder.assetcatalog; path = Images.xcassets; sourceTree = "<group>"; };
		AC1173921A8D9C5700946C4C /* SDMineSweeperTests.xctest */ = {isa = PBXFileReference; explicitFileType = wrapper.cfbundle; includeInIndex = 0; path = SDMineSweeperTests.xctest; sourceTree = BUILT_PRODUCTS_DIR; };
		AC1173971A8D9C5700946C4C /* Info.plist */ = {isa = PBXFileReference; lastKnownFileType = text.plist.xml; path = Info.plist; sourceTree = "<group>"; };
		AC1173981A8D9C5700946C4C /* SDMineSweeperTests.m */ = {isa = PBXFileReference; lastKnownFileType = sourcecode.c.objc; path = SDMineSweeperTests.m; sourceTree = "<group>"; };
		AC1173D31A8DE45500946C4C /* UIButton+Property.h */ = {isa = PBXFileReference; fileEncoding = 4; lastKnownFileType = sourcecode.c.h; path = "UIButton+Property.h"; sourceTree = "<group>"; };
		AC1173D41A8DE45500946C4C /* UIButton+Property.m */ = {isa = PBXFileReference; fileEncoding = 4; lastKnownFileType = sourcecode.c.objc; path = "UIButton+Property.m"; sourceTree = "<group>"; };
		B59869621A8ED0BC002EA2F8 /* 0.png */ = {isa = PBXFileReference; lastKnownFileType = image.png; name = 0.png; path = SDMineSweeper/images/0.png; sourceTree = "<group>"; };
		B59869631A8ED0BC002EA2F8 /* 1.png */ = {isa = PBXFileReference; lastKnownFileType = image.png; name = 1.png; path = SDMineSweeper/images/1.png; sourceTree = "<group>"; };
		B59869641A8ED0BC002EA2F8 /* 2.png */ = {isa = PBXFileReference; lastKnownFileType = image.png; name = 2.png; path = SDMineSweeper/images/2.png; sourceTree = "<group>"; };
		B59869651A8ED0BC002EA2F8 /* 3.png */ = {isa = PBXFileReference; lastKnownFileType = image.png; name = 3.png; path = SDMineSweeper/images/3.png; sourceTree = "<group>"; };
		B59869661A8ED0BC002EA2F8 /* 4.png */ = {isa = PBXFileReference; lastKnownFileType = image.png; name = 4.png; path = SDMineSweeper/images/4.png; sourceTree = "<group>"; };
		B59869671A8ED0BC002EA2F8 /* 5.png */ = {isa = PBXFileReference; lastKnownFileType = image.png; name = 5.png; path = SDMineSweeper/images/5.png; sourceTree = "<group>"; };
		B59869681A8ED0BC002EA2F8 /* 6.png */ = {isa = PBXFileReference; lastKnownFileType = image.png; name = 6.png; path = SDMineSweeper/images/6.png; sourceTree = "<group>"; };
		B59869691A8ED0BC002EA2F8 /* 7.png */ = {isa = PBXFileReference; lastKnownFileType = image.png; name = 7.png; path = SDMineSweeper/images/7.png; sourceTree = "<group>"; };
		B598696A1A8ED0BC002EA2F8 /* 8.png */ = {isa = PBXFileReference; lastKnownFileType = image.png; name = 8.png; path = SDMineSweeper/images/8.png; sourceTree = "<group>"; };
		B598696B1A8ED0BC002EA2F8 /* bomb.png */ = {isa = PBXFileReference; lastKnownFileType = image.png; name = bomb.png; path = SDMineSweeper/images/bomb.png; sourceTree = "<group>"; };
		B598696C1A8ED0BC002EA2F8 /* cry.png */ = {isa = PBXFileReference; lastKnownFileType = image.png; name = cry.png; path = SDMineSweeper/images/cry.png; sourceTree = "<group>"; };
		B598696D1A8ED0BC002EA2F8 /* explode.png */ = {isa = PBXFileReference; lastKnownFileType = image.png; name = explode.png; path = SDMineSweeper/images/explode.png; sourceTree = "<group>"; };
		B598696E1A8ED0BC002EA2F8 /* failed_flag.png */ = {isa = PBXFileReference; lastKnownFileType = image.png; name = failed_flag.png; path = SDMineSweeper/images/failed_flag.png; sourceTree = "<group>"; };
		B598696F1A8ED0BC002EA2F8 /* flag.png */ = {isa = PBXFileReference; lastKnownFileType = image.png; name = flag.png; path = SDMineSweeper/images/flag.png; sourceTree = "<group>"; };
		B59869701A8ED0BC002EA2F8 /* question.png */ = {isa = PBXFileReference; lastKnownFileType = image.png; name = question.png; path = SDMineSweeper/images/question.png; sourceTree = "<group>"; };
		B59869711A8ED0BC002EA2F8 /* smile.png */ = {isa = PBXFileReference; lastKnownFileType = image.png; name = smile.png; path = SDMineSweeper/images/smile.png; sourceTree = "<group>"; };
		B59869721A8ED0BC002EA2F8 /* suprise.png */ = {isa = PBXFileReference; lastKnownFileType = image.png; name = suprise.png; path = SDMineSweeper/images/suprise.png; sourceTree = "<group>"; };
		B59869731A8ED0BC002EA2F8 /* unopen.png */ = {isa = PBXFileReference; lastKnownFileType = image.png; name = unopen.png; path = SDMineSweeper/images/unopen.png; sourceTree = "<group>"; };
		B59869741A8ED0BC002EA2F8 /* win.png */ = {isa = PBXFileReference; lastKnownFileType = image.png; name = win.png; path = SDMineSweeper/images/win.png; sourceTree = "<group>"; };
/* End PBXFileReference section */

/* Begin PBXFrameworksBuildPhase section */
		AC1173731A8D9C5700946C4C /* Frameworks */ = {
			isa = PBXFrameworksBuildPhase;
			buildActionMask = 2147483647;
			files = (
			);
			runOnlyForDeploymentPostprocessing = 0;
		};
		AC11738F1A8D9C5700946C4C /* Frameworks */ = {
			isa = PBXFrameworksBuildPhase;
			buildActionMask = 2147483647;
			files = (
			);
			runOnlyForDeploymentPostprocessing = 0;
		};
/* End PBXFrameworksBuildPhase section */

/* Begin PBXGroup section */
		AC11736D1A8D9C5700946C4C = {
			isa = PBXGroup;
			children = (
				AC1173781A8D9C5700946C4C /* SDMineSweeper */,
				AC1173951A8D9C5700946C4C /* SDMineSweeperTests */,
				AC1173771A8D9C5700946C4C /* Products */,
			);
			sourceTree = "<group>";
		};
		AC1173771A8D9C5700946C4C /* Products */ = {
			isa = PBXGroup;
			children = (
				AC1173761A8D9C5700946C4C /* SDMineSweeper.app */,
				AC1173921A8D9C5700946C4C /* SDMineSweeperTests.xctest */,
			);
			name = Products;
			sourceTree = "<group>";
		};
		AC1173781A8D9C5700946C4C /* SDMineSweeper */ = {
			isa = PBXGroup;
			children = (
				AC11737D1A8D9C5700946C4C /* AppDelegate.h */,
				AC11737E1A8D9C5700946C4C /* AppDelegate.m */,
				AC1173831A8D9C5700946C4C /* ViewController.h */,
				AC1173841A8D9C5700946C4C /* ViewController.m */,
				AC1173D31A8DE45500946C4C /* UIButton+Property.h */,
				AC1173D41A8DE45500946C4C /* UIButton+Property.m */,
				AC1173891A8D9C5700946C4C /* Images.xcassets */,
				B59869881A8ED0C0002EA2F8 /* images */,
				AC1173801A8D9C5700946C4C /* SDMineSweeper.xcdatamodeld */,
				AC1173791A8D9C5700946C4C /* Supporting Files */,
			);
			path = SDMineSweeper;
			sourceTree = "<group>";
		};
		AC1173791A8D9C5700946C4C /* Supporting Files */ = {
			isa = PBXGroup;
			children = (
				AC11737A1A8D9C5700946C4C /* Info.plist */,
				AC11737B1A8D9C5700946C4C /* main.m */,
			);
			name = "Supporting Files";
			sourceTree = "<group>";
		};
		AC1173951A8D9C5700946C4C /* SDMineSweeperTests */ = {
			isa = PBXGroup;
			children = (
				AC1173981A8D9C5700946C4C /* SDMineSweeperTests.m */,
				AC1173961A8D9C5700946C4C /* Supporting Files */,
			);
			path = SDMineSweeperTests;
			sourceTree = "<group>";
		};
		AC1173961A8D9C5700946C4C /* Supporting Files */ = {
			isa = PBXGroup;
			children = (
				AC1173971A8D9C5700946C4C /* Info.plist */,
			);
			name = "Supporting Files";
			sourceTree = "<group>";
		};
		B59869881A8ED0C0002EA2F8 /* images */ = {
			isa = PBXGroup;
			children = (
				B59869621A8ED0BC002EA2F8 /* 0.png */,
				B59869631A8ED0BC002EA2F8 /* 1.png */,
				B59869641A8ED0BC002EA2F8 /* 2.png */,
				B59869651A8ED0BC002EA2F8 /* 3.png */,
				B59869661A8ED0BC002EA2F8 /* 4.png */,
				B59869671A8ED0BC002EA2F8 /* 5.png */,
				B59869681A8ED0BC002EA2F8 /* 6.png */,
				B59869691A8ED0BC002EA2F8 /* 7.png */,
				B598696A1A8ED0BC002EA2F8 /* 8.png */,
				B598696B1A8ED0BC002EA2F8 /* bomb.png */,
				B598696C1A8ED0BC002EA2F8 /* cry.png */,
				B598696D1A8ED0BC002EA2F8 /* explode.png */,
				B598696E1A8ED0BC002EA2F8 /* failed_flag.png */,
				B598696F1A8ED0BC002EA2F8 /* flag.png */,
				B59869701A8ED0BC002EA2F8 /* question.png */,
				B59869711A8ED0BC002EA2F8 /* smile.png */,
				B59869721A8ED0BC002EA2F8 /* suprise.png */,
				B59869731A8ED0BC002EA2F8 /* unopen.png */,
				B59869741A8ED0BC002EA2F8 /* win.png */,
			);
			name = images;
			path = ..;
			sourceTree = "<group>";
		};
/* End PBXGroup section */

/* Begin PBXNativeTarget section */
		AC1173751A8D9C5700946C4C /* SDMineSweeper */ = {
			isa = PBXNativeTarget;
			buildConfigurationList = AC11739C1A8D9C5700946C4C /* Build configuration list for PBXNativeTarget "SDMineSweeper" */;
			buildPhases = (
				AC1173721A8D9C5700946C4C /* Sources */,
				AC1173731A8D9C5700946C4C /* Frameworks */,
				AC1173741A8D9C5700946C4C /* Resources */,
			);
			buildRules = (
			);
			dependencies = (
			);
			name = SDMineSweeper;
			productName = SDMineSweeper;
			productReference = AC1173761A8D9C5700946C4C /* SDMineSweeper.app */;
			productType = "com.apple.product-type.application";
		};
		AC1173911A8D9C5700946C4C /* SDMineSweeperTests */ = {
			isa = PBXNativeTarget;
			buildConfigurationList = AC11739F1A8D9C5700946C4C /* Build configuration list for PBXNativeTarget "SDMineSweeperTests" */;
			buildPhases = (
				AC11738E1A8D9C5700946C4C /* Sources */,
				AC11738F1A8D9C5700946C4C /* Frameworks */,
				AC1173901A8D9C5700946C4C /* Resources */,
			);
			buildRules = (
			);
			dependencies = (
				AC1173941A8D9C5700946C4C /* PBXTargetDependency */,
			);
			name = SDMineSweeperTests;
			productName = SDMineSweeperTests;
			productReference = AC1173921A8D9C5700946C4C /* SDMineSweeperTests.xctest */;
			productType = "com.apple.product-type.bundle.unit-test";
		};
/* End PBXNativeTarget section */

/* Begin PBXProject section */
		AC11736E1A8D9C5700946C4C /* Project object */ = {
			isa = PBXProject;
			attributes = {
				LastUpgradeCheck = 0610;
				ORGANIZATIONNAME = SD;
				TargetAttributes = {
					AC1173751A8D9C5700946C4C = {
						CreatedOnToolsVersion = 6.1.1;
					};
					AC1173911A8D9C5700946C4C = {
						CreatedOnToolsVersion = 6.1.1;
						TestTargetID = AC1173751A8D9C5700946C4C;
					};
				};
			};
			buildConfigurationList = AC1173711A8D9C5700946C4C /* Build configuration list for PBXProject "SDMineSweeper" */;
			compatibilityVersion = "Xcode 3.2";
			developmentRegion = English;
			hasScannedForEncodings = 0;
			knownRegions = (
				en,
				Base,
			);
			mainGroup = AC11736D1A8D9C5700946C4C;
			productRefGroup = AC1173771A8D9C5700946C4C /* Products */;
			projectDirPath = "";
			projectRoot = "";
			targets = (
				AC1173751A8D9C5700946C4C /* SDMineSweeper */,
				AC1173911A8D9C5700946C4C /* SDMineSweeperTests */,
			);
		};
/* End PBXProject section */

/* Begin PBXResourcesBuildPhase section */
		AC1173741A8D9C5700946C4C /* Resources */ = {
			isa = PBXResourcesBuildPhase;
			buildActionMask = 2147483647;
			files = (
				B59869871A8ED0BC002EA2F8 /* win.png in Resources */,
				B598697F1A8ED0BC002EA2F8 /* cry.png in Resources */,
				B598697D1A8ED0BC002EA2F8 /* 8.png in Resources */,
				B59869861A8ED0BC002EA2F8 /* unopen.png in Resources */,
				B59869811A8ED0BC002EA2F8 /* failed_flag.png in Resources */,
				B59869851A8ED0BC002EA2F8 /* suprise.png in Resources */,
				B598697C1A8ED0BC002EA2F8 /* 7.png in Resources */,
				B59869791A8ED0BC002EA2F8 /* 4.png in Resources */,
				B59869781A8ED0BC002EA2F8 /* 3.png in Resources */,
				B59869801A8ED0BC002EA2F8 /* explode.png in Resources */,
				B59869841A8ED0BC002EA2F8 /* smile.png in Resources */,
				B59869831A8ED0BC002EA2F8 /* question.png in Resources */,
				B59869761A8ED0BC002EA2F8 /* 1.png in Resources */,
				B59869751A8ED0BC002EA2F8 /* 0.png in Resources */,
				B598697A1A8ED0BC002EA2F8 /* 5.png in Resources */,
				B59869771A8ED0BC002EA2F8 /* 2.png in Resources */,
				B59869821A8ED0BC002EA2F8 /* flag.png in Resources */,
				B598697B1A8ED0BC002EA2F8 /* 6.png in Resources */,
				AC11738A1A8D9C5700946C4C /* Images.xcassets in Resources */,
				B598697E1A8ED0BC002EA2F8 /* bomb.png in Resources */,
			);
			runOnlyForDeploymentPostprocessing = 0;
		};
		AC1173901A8D9C5700946C4C /* Resources */ = {
			isa = PBXResourcesBuildPhase;
			buildActionMask = 2147483647;
			files = (
			);
			runOnlyForDeploymentPostprocessing = 0;
		};
/* End PBXResourcesBuildPhase section */

/* Begin PBXSourcesBuildPhase section */
		AC1173721A8D9C5700946C4C /* Sources */ = {
			isa = PBXSourcesBuildPhase;
			buildActionMask = 2147483647;
			files = (
				AC11737F1A8D9C5700946C4C /* AppDelegate.m in Sources */,
				AC11737C1A8D9C5700946C4C /* main.m in Sources */,
				AC1173D51A8DE45500946C4C /* UIButton+Property.m in Sources */,
				AC1173851A8D9C5700946C4C /* ViewController.m in Sources */,
				AC1173821A8D9C5700946C4C /* SDMineSweeper.xcdatamodeld in Sources */,
			);
			runOnlyForDeploymentPostprocessing = 0;
		};
		AC11738E1A8D9C5700946C4C /* Sources */ = {
			isa = PBXSourcesBuildPhase;
			buildActionMask = 2147483647;
			files = (
				AC1173991A8D9C5700946C4C /* SDMineSweeperTests.m in Sources */,
			);
			runOnlyForDeploymentPostprocessing = 0;
		};
/* End PBXSourcesBuildPhase section */

/* Begin PBXTargetDependency section */
		AC1173941A8D9C5700946C4C /* PBXTargetDependency */ = {
			isa = PBXTargetDependency;
			target = AC1173751A8D9C5700946C4C /* SDMineSweeper */;
			targetProxy = AC1173931A8D9C5700946C4C /* PBXContainerItemProxy */;
		};
/* End PBXTargetDependency section */

/* Begin XCBuildConfiguration section */
		AC11739A1A8D9C5700946C4C /* Debug */ = {
			isa = XCBuildConfiguration;
			buildSettings = {
				ALWAYS_SEARCH_USER_PATHS = NO;
				CLANG_CXX_LANGUAGE_STANDARD = "gnu++0x";
				CLANG_CXX_LIBRARY = "libc++";
				CLANG_ENABLE_MODULES = YES;
				CLANG_ENABLE_OBJC_ARC = YES;
				CLANG_WARN_BOOL_CONVERSION = YES;
				CLANG_WARN_CONSTANT_CONVERSION = YES;
				CLANG_WARN_DIRECT_OBJC_ISA_USAGE = YES_ERROR;
				CLANG_WARN_EMPTY_BODY = YES;
				CLANG_WARN_ENUM_CONVERSION = YES;
				CLANG_WARN_INT_CONVERSION = YES;
				CLANG_WARN_OBJC_ROOT_CLASS = YES_ERROR;
				CLANG_WARN_UNREACHABLE_CODE = YES;
				CLANG_WARN__DUPLICATE_METHOD_MATCH = YES;
				"CODE_SIGN_IDENTITY[sdk=iphoneos*]" = "iPhone Developer";
				COPY_PHASE_STRIP = NO;
				ENABLE_STRICT_OBJC_MSGSEND = YES;
				GCC_C_LANGUAGE_STANDARD = gnu99;
				GCC_DYNAMIC_NO_PIC = NO;
				GCC_OPTIMIZATION_LEVEL = 0;
				GCC_PREPROCESSOR_DEFINITIONS = (
					"DEBUG=1",
					"$(inherited)",
				);
				GCC_SYMBOLS_PRIVATE_EXTERN = NO;
				GCC_WARN_64_TO_32_BIT_CONVERSION = YES;
				GCC_WARN_ABOUT_RETURN_TYPE = YES_ERROR;
				GCC_WARN_UNDECLARED_SELECTOR = YES;
				GCC_WARN_UNINITIALIZED_AUTOS = YES_AGGRESSIVE;
				GCC_WARN_UNUSED_FUNCTION = YES;
				GCC_WARN_UNUSED_VARIABLE = YES;
				IPHONEOS_DEPLOYMENT_TARGET = 8.1;
				MTL_ENABLE_DEBUG_INFO = YES;
				ONLY_ACTIVE_ARCH = YES;
				SDKROOT = iphoneos;
				TARGETED_DEVICE_FAMILY = 2;
			};
			name = Debug;
		};
		AC11739B1A8D9C5700946C4C /* Release */ = {
			isa = XCBuildConfiguration;
			buildSettings = {
				ALWAYS_SEARCH_USER_PATHS = NO;
				CLANG_CXX_LANGUAGE_STANDARD = "gnu++0x";
				CLANG_CXX_LIBRARY = "libc++";
				CLANG_ENABLE_MODULES = YES;
				CLANG_ENABLE_OBJC_ARC = YES;
				CLANG_WARN_BOOL_CONVERSION = YES;
				CLANG_WARN_CONSTANT_CONVERSION = YES;
				CLANG_WARN_DIRECT_OBJC_ISA_USAGE = YES_ERROR;
				CLANG_WARN_EMPTY_BODY = YES;
				CLANG_WARN_ENUM_CONVERSION = YES;
				CLANG_WARN_INT_CONVERSION = YES;
				CLANG_WARN_OBJC_ROOT_CLASS = YES_ERROR;
				CLANG_WARN_UNREACHABLE_CODE = YES;
				CLANG_WARN__DUPLICATE_METHOD_MATCH = YES;
				"CODE_SIGN_IDENTITY[sdk=iphoneos*]" = "iPhone Developer";
				COPY_PHASE_STRIP = YES;
				ENABLE_NS_ASSERTIONS = NO;
				ENABLE_STRICT_OBJC_MSGSEND = YES;
				GCC_C_LANGUAGE_STANDARD = gnu99;
				GCC_WARN_64_TO_32_BIT_CONVERSION = YES;
				GCC_WARN_ABOUT_RETURN_TYPE = YES_ERROR;
				GCC_WARN_UNDECLARED_SELECTOR = YES;
				GCC_WARN_UNINITIALIZED_AUTOS = YES_AGGRESSIVE;
				GCC_WARN_UNUSED_FUNCTION = YES;
				GCC_WARN_UNUSED_VARIABLE = YES;
				IPHONEOS_DEPLOYMENT_TARGET = 8.1;
				MTL_ENABLE_DEBUG_INFO = NO;
				SDKROOT = iphoneos;
				TARGETED_DEVICE_FAMILY = 2;
				VALIDATE_PRODUCT = YES;
			};
			name = Release;
		};
		AC11739D1A8D9C5700946C4C /* Debug */ = {
			isa = XCBuildConfiguration;
			buildSettings = {
				ASSETCATALOG_COMPILER_APPICON_NAME = AppIcon;
				ASSETCATALOG_COMPILER_LAUNCHIMAGE_NAME = LaunchImage;
				INFOPLIST_FILE = SDMineSweeper/Info.plist;
				IPHONEOS_DEPLOYMENT_TARGET = 7.0;
				LD_RUNPATH_SEARCH_PATHS = "$(inherited) @executable_path/Frameworks";
				PRODUCT_NAME = "$(TARGET_NAME)";
				TARGETED_DEVICE_FAMILY = 1;
			};
			name = Debug;
		};
		AC11739E1A8D9C5700946C4C /* Release */ = {
			isa = XCBuildConfiguration;
			buildSettings = {
				ASSETCATALOG_COMPILER_APPICON_NAME = AppIcon;
				ASSETCATALOG_COMPILER_LAUNCHIMAGE_NAME = LaunchImage;
				INFOPLIST_FILE = SDMineSweeper/Info.plist;
				IPHONEOS_DEPLOYMENT_TARGET = 7.0;
				LD_RUNPATH_SEARCH_PATHS = "$(inherited) @executable_path/Frameworks";
				PRODUCT_NAME = "$(TARGET_NAME)";
				TARGETED_DEVICE_FAMILY = 1;
			};
			name = Release;
		};
		AC1173A01A8D9C5700946C4C /* Debug */ = {
			isa = XCBuildConfiguration;
			buildSettings = {
				BUNDLE_LOADER = "$(TEST_HOST)";
				FRAMEWORK_SEARCH_PATHS = (
					"$(SDKROOT)/Developer/Library/Frameworks",
					"$(inherited)",
				);
				GCC_PREPROCESSOR_DEFINITIONS = (
					"DEBUG=1",
					"$(inherited)",
				);
				INFOPLIST_FILE = SDMineSweeperTests/Info.plist;
				LD_RUNPATH_SEARCH_PATHS = "$(inherited) @executable_path/Frameworks @loader_path/Frameworks";
				PRODUCT_NAME = "$(TARGET_NAME)";
				TEST_HOST = "$(BUILT_PRODUCTS_DIR)/SDMineSweeper.app/SDMineSweeper";
			};
			name = Debug;
		};
		AC1173A11A8D9C5700946C4C /* Release */ = {
			isa = XCBuildConfiguration;
			buildSettings = {
				BUNDLE_LOADER = "$(TEST_HOST)";
				FRAMEWORK_SEARCH_PATHS = (
					"$(SDKROOT)/Developer/Library/Frameworks",
					"$(inherited)",
				);
				INFOPLIST_FILE = SDMineSweeperTests/Info.plist;
				LD_RUNPATH_SEARCH_PATHS = "$(inherited) @executable_path/Frameworks @loader_path/Frameworks";
				PRODUCT_NAME = "$(TARGET_NAME)";
				TEST_HOST = "$(BUILT_PRODUCTS_DIR)/SDMineSweeper.app/SDMineSweeper";
			};
			name = Release;
		};
/* End XCBuildConfiguration section */

/* Begin XCConfigurationList section */
		AC1173711A8D9C5700946C4C /* Build configuration list for PBXProject "SDMineSweeper" */ = {
			isa = XCConfigurationList;
			buildConfigurations = (
				AC11739A1A8D9C5700946C4C /* Debug */,
				AC11739B1A8D9C5700946C4C /* Release */,
			);
			defaultConfigurationIsVisible = 0;
			defaultConfigurationName = Release;
		};
		AC11739C1A8D9C5700946C4C /* Build configuration list for PBXNativeTarget "SDMineSweeper" */ = {
			isa = XCConfigurationList;
			buildConfigurations = (
				AC11739D1A8D9C5700946C4C /* Debug */,
				AC11739E1A8D9C5700946C4C /* Release */,
			);
			defaultConfigurationIsVisible = 0;
			defaultConfigurationName = Release;
		};
		AC11739F1A8D9C5700946C4C /* Build configuration list for PBXNativeTarget "SDMineSweeperTests" */ = {
			isa = XCConfigurationList;
			buildConfigurations = (
				AC1173A01A8D9C5700946C4C /* Debug */,
				AC1173A11A8D9C5700946C4C /* Release */,
			);
			defaultConfigurationIsVisible = 0;
			defaultConfigurationName = Release;
		};
/* End XCConfigurationList section */

/* Begin XCVersionGroup section */
		AC1173801A8D9C5700946C4C /* SDMineSweeper.xcdatamodeld */ = {
			isa = XCVersionGroup;
			children = (
				AC1173811A8D9C5700946C4C /* SDMineSweeper.xcdatamodel */,
			);
			currentVersion = AC1173811A8D9C5700946C4C /* SDMineSweeper.xcdatamodel */;
			path = SDMineSweeper.xcdatamodeld;
			sourceTree = "<group>";
			versionGroupType = wrapper.xcdatamodel;
		};
/* End XCVersionGroup section */
	};
	rootObject = AC11736E1A8D9C5700946C4C /* Project object */;
}
